
Microsoft Visual Studio Solution File, Format Version 12.00
# Visual Studio Version 17
VisualStudioVersion = 17.4.33213.308
MinimumVisualStudioVersion = 10.0.40219.1
Project("{FAE04EC0-301F-11D3-BF4B-00C04F79EFBC}") = "IssuesSystem.MVC", "IssuesSystem.MVC\IssuesSystem.MVC.csproj", "{3811EDE9-B04F-4F4D-B7D4-B05929A4FAF1}"
EndProject
Project("{FAE04EC0-301F-11D3-BF4B-00C04F79EFBC}") = "IssuesSystem.BL", "IssuesSystem.BL\IssuesSystem.BL.csproj", "{AAE91D6A-A0C3-49C6-B956-62E6271BD16B}"
EndProject
Project("{FAE04EC0-301F-11D3-BF4B-00C04F79EFBC}") = "IssuesSystem.DAL", "IssuesSystem.DAL\IssuesSystem.DAL.csproj", "{EB463C63-4743-410A-BA9D-988B2CE397D8}"
EndProject
Global
	GlobalSection(SolutionConfigurationPlatforms) = preSolution
		Debug|Any CPU = Debug|Any CPU
		Release|Any CPU = Release|Any CPU
	EndGlobalSection
	GlobalSection(ProjectConfigurationPlatforms) = postSolution
		{3811EDE9-B04F-4F4D-B7D4-B05929A4FAF1}.Debug|Any CPU.ActiveCfg = Debug|Any CPU
		{3811EDE9-B04F-4F4D-B7D4-B05929A4FAF1}.Debug|Any CPU.Build.0 = Debug|Any CPU
		{3811EDE9-B04F-4F4D-B7D4-B05929A4FAF1}.Release|Any CPU.ActiveCfg = Release|Any CPU
		{3811EDE9-B04F-4F4D-B7D4-B05929A4FAF1}.Release|Any CPU.Build.0 = Release|Any CPU
		{AAE91D6A-A0C3-49C6-B956-62E6271BD16B}.Debug|Any CPU.ActiveCfg = Debug|Any CPU
		{AAE91D6A-A0C3-49C6-B956-62E6271BD16B}.Debug|Any CPU.Build.0 = Debug|Any CPU
		{AAE91D6A-A0C3-49C6-B956-62E6271BD16B}.Release|Any CPU.ActiveCfg = Release|Any CPU
		{AAE91D6A-A0C3-49C6-B956-62E6271BD16B}.Release|Any CPU.Build.0 = Release|Any CPU
		{EB463C63-4743-410A-BA9D-988B2CE397D8}.Debug|Any CPU.ActiveCfg = Debug|Any CPU
		{EB463C63-4743-410A-BA9D-988B2CE397D8}.Debug|Any CPU.Build.0 = Debug|Any CPU
		{EB463C63-4743-410A-BA9D-988B2CE397D8}.Release|Any CPU.ActiveCfg = Release|Any CPU
		{EB463C63-4743-410A-BA9D-988B2CE397D8}.Release|Any CPU.Build.0 = Release|Any CPU
	EndGlobalSection
	GlobalSection(SolutionProperties) = preSolution
		HideSolutionNode = FALSE
	EndGlobalSection
	GlobalSection(ExtensibilityGlobals) = postSolution
		SolutionGuid = {1ADFE371-7715-4410-88A5-C95816F8E270}
	EndGlobalSection
EndGlobal
